
Microsoft Visual Studio Solution File, Format Version 12.00
# Visual Studio Version 16
VisualStudioVersion = 16.0.29215.179
MinimumVisualStudioVersion = 10.0.40219.1
Project("{FAE04EC0-301F-11D3-BF4B-00C04F79EFBC}") = "DrogaFroes", "DrogaFroes\DrogaFroes.csproj", "{5B434C12-F33B-414D-AFF2-43F372829AB4}"
EndProject
Global
	GlobalSection(SolutionConfigurationPlatforms) = preSolution
		Debug|Any CPU = Debug|Any CPU
		Release|Any CPU = Release|Any CPU
	EndGlobalSection
	GlobalSection(ProjectConfigurationPlatforms) = postSolution
		{5B434C12-F33B-414D-AFF2-43F372829AB4}.Debug|Any CPU.ActiveCfg = Debug|Any CPU
		{5B434C12-F33B-414D-AFF2-43F372829AB4}.Debug|Any CPU.Build.0 = Debug|Any CPU
		{5B434C12-F33B-414D-AFF2-43F372829AB4}.Release|Any CPU.ActiveCfg = Release|Any CPU
		{5B434C12-F33B-414D-AFF2-43F372829AB4}.Release|Any CPU.Build.0 = Release|Any CPU
	EndGlobalSection
	GlobalSection(SolutionProperties) = preSolution
		HideSolutionNode = FALSE
	EndGlobalSection
	GlobalSection(ExtensibilityGlobals) = postSolution
		SolutionGuid = {92B53CE9-78C7-42D2-8E13-A6C64AB2C60C}
	EndGlobalSection
EndGlobal
